Microsoft Visual Studio Solution File, Format Version 12.00
# Visual Studio 2012
Project("{FAE04EC0-301F-11D3-BF4B-00C04F79EFBC}") = "IntroToGodotDotNet", "IntroToGodotDotNet.csproj", "{AA2D488B-FE90-43B1-94B0-0A1F8E49582D}"
EndProject
Global
	GlobalSection(SolutionConfigurationPlatforms) = preSolution
	Debug|Any CPU = Debug|Any CPU
	ExportDebug|Any CPU = ExportDebug|Any CPU
	ExportRelease|Any CPU = ExportRelease|Any CPU
	EndGlobalSection
	GlobalSection(ProjectConfigurationPlatforms) = postSolution
		{AA2D488B-FE90-43B1-94B0-0A1F8E49582D}.Debug|Any CPU.ActiveCfg = Debug|Any CPU
		{AA2D488B-FE90-43B1-94B0-0A1F8E49582D}.Debug|Any CPU.Build.0 = Debug|Any CPU
		{AA2D488B-FE90-43B1-94B0-0A1F8E49582D}.ExportDebug|Any CPU.ActiveCfg = ExportDebug|Any CPU
		{AA2D488B-FE90-43B1-94B0-0A1F8E49582D}.ExportDebug|Any CPU.Build.0 = ExportDebug|Any CPU
		{AA2D488B-FE90-43B1-94B0-0A1F8E49582D}.ExportRelease|Any CPU.ActiveCfg = ExportRelease|Any CPU
		{AA2D488B-FE90-43B1-94B0-0A1F8E49582D}.ExportRelease|Any CPU.Build.0 = ExportRelease|Any CPU
	EndGlobalSection
EndGlobal
